
Microsoft Visual Studio Solution File, Format Version 12.00
Project("{2150E333-8FDC-42A3-9474-1A3956D46DE8}") = "src", "src", "{827E0CD3-B72D-47B6-A68D-7590B98EB39B}"
EndProject
Project("{FAE04EC0-301F-11D3-BF4B-00C04F79EFBC}") = "GranTurismoTelemetry.Web", "src\GranTurismoTelemetry.Web\GranTurismoTelemetry.Web.csproj", "{0C31DFC6-698B-4840-8BA2-E07F3383093B}"
EndProject
Project("{2150E333-8FDC-42A3-9474-1A3956D46DE8}") = "tests", "tests", "{0AB3BF05-4346-4AA6-1389-037BE0695223}"
EndProject
Project("{FAE04EC0-301F-11D3-BF4B-00C04F79EFBC}") = "GranTurismoTelemetry.SmokeTest", "tests\GranTurismoTelemetry.SmokeTest\GranTurismoTelemetry.SmokeTest.csproj", "{29701EB3-5283-495A-88B7-38849762BD28}"
EndProject
Global
	GlobalSection(SolutionConfigurationPlatforms) = preSolution
		Debug|Any CPU = Debug|Any CPU
		Debug|x64 = Debug|x64
		Debug|x86 = Debug|x86
		Release|Any CPU = Release|Any CPU
		Release|x64 = Release|x64
		Release|x86 = Release|x86
	EndGlobalSection
	GlobalSection(ProjectConfigurationPlatforms) = postSolution
		{0C31DFC6-698B-4840-8BA2-E07F3383093B}.Debug|Any CPU.ActiveCfg = Debug|Any CPU
		{0C31DFC6-698B-4840-8BA2-E07F3383093B}.Debug|Any CPU.Build.0 = Debug|Any CPU
		{0C31DFC6-698B-4840-8BA2-E07F3383093B}.Debug|x64.ActiveCfg = Debug|Any CPU
		{0C31DFC6-698B-4840-8BA2-E07F3383093B}.Debug|x64.Build.0 = Debug|Any CPU
		{0C31DFC6-698B-4840-8BA2-E07F3383093B}.Debug|x86.ActiveCfg = Debug|Any CPU
		{0C31DFC6-698B-4840-8BA2-E07F3383093B}.Debug|x86.Build.0 = Debug|Any CPU
		{0C31DFC6-698B-4840-8BA2-E07F3383093B}.Release|Any CPU.ActiveCfg = Release|Any CPU
		{0C31DFC6-698B-4840-8BA2-E07F3383093B}.Release|Any CPU.Build.0 = Release|Any CPU
		{0C31DFC6-698B-4840-8BA2-E07F3383093B}.Release|x64.ActiveCfg = Release|Any CPU
		{0C31DFC6-698B-4840-8BA2-E07F3383093B}.Release|x64.Build.0 = Release|Any CPU
		{0C31DFC6-698B-4840-8BA2-E07F3383093B}.Release|x86.ActiveCfg = Release|Any CPU
		{0C31DFC6-698B-4840-8BA2-E07F3383093B}.Release|x86.Build.0 = Release|Any CPU
		{29701EB3-5283-495A-88B7-38849762BD28}.Debug|Any CPU.ActiveCfg = Debug|Any CPU
		{29701EB3-5283-495A-88B7-38849762BD28}.Debug|Any CPU.Build.0 = Debug|Any CPU
		{29701EB3-5283-495A-88B7-38849762BD28}.Debug|x64.ActiveCfg = Debug|Any CPU
		{29701EB3-5283-495A-88B7-38849762BD28}.Debug|x64.Build.0 = Debug|Any CPU
		{29701EB3-5283-495A-88B7-38849762BD28}.Debug|x86.ActiveCfg = Debug|Any CPU
		{29701EB3-5283-495A-88B7-38849762BD28}.Debug|x86.Build.0 = Debug|Any CPU
		{29701EB3-5283-495A-88B7-38849762BD28}.Release|Any CPU.ActiveCfg = Release|Any CPU
		{29701EB3-5283-495A-88B7-38849762BD28}.Release|Any CPU.Build.0 = Release|Any CPU
		{29701EB3-5283-495A-88B7-38849762BD28}.Release|x64.ActiveCfg = Release|Any CPU
		{29701EB3-5283-495A-88B7-38849762BD28}.Release|x64.Build.0 = Release|Any CPU
		{29701EB3-5283-495A-88B7-38849762BD28}.Release|x86.ActiveCfg = Release|Any CPU
		{29701EB3-5283-495A-88B7-38849762BD28}.Release|x86.Build.0 = Release|Any CPU
	EndGlobalSection
	GlobalSection(SolutionProperties) = preSolution
		HideSolutionNode = FALSE
	EndGlobalSection
	GlobalSection(NestedProjects) = preSolution
		{0C31DFC6-698B-4840-8BA2-E07F3383093B} = {827E0CD3-B72D-47B6-A68D-7590B98EB39B}
		{29701EB3-5283-495A-88B7-38849762BD28} = {0AB3BF05-4346-4AA6-1389-037BE0695223}
	EndGlobalSection
EndGlobal
